schema: '2.0'
stages:
  load:
    cmd: python -m src.data.load_data
    deps:
    - path: config/data_config.yaml
      hash: md5
      md5: 44f39ebcc08fdac253d2700bb45c6308
      size: 376
    - path: data/raw
      hash: md5
      md5: 7cdb072bef6b586c64ef2a2af256fbc1.dir
      size: 342230723
      nfiles: 20639
    - path: src/data/load_data.py
      hash: md5
      md5: b31fdb3530ea056b2880502693d76fe1
      size: 2028
    outs:
    - path: data/intermediate/dataset.pkl
      hash: md5
      md5: 520047311181cae894cff2344c23c2b2
      size: 3106461541
  preprocess:
    cmd: python -m src.data.preprocessing
    deps:
    - path: config/data_config.yaml
      hash: md5
      md5: 44f39ebcc08fdac253d2700bb45c6308
      size: 376
    - path: data/intermediate/dataset.pkl
      hash: md5
      md5: 520047311181cae894cff2344c23c2b2
      size: 3106461541
    - path: src/data/load_data.py
      hash: md5
      md5: b31fdb3530ea056b2880502693d76fe1
      size: 2028
    - path: src/data/preprocessing.py
      hash: md5
      md5: 0238e8f3b4c56cc3507a124e8df49452
      size: 3414
    outs:
    - path: data/processed/test.pkl
      hash: md5
      md5: e2d6ec4b99180f1095e9ad9434d12177
      size: 621412848
    - path: data/processed/train.pkl
      hash: md5
      md5: 71f4e0eadcb627eeddcda6f8634640cb
      size: 2236513601
    - path: data/processed/val.pkl
      hash: md5
      md5: 36586422032130f970e29d94eba284b6
      size: 248535176
  train:
    cmd: python -m src.models.train
    deps:
    - path: config/data_config.yaml
      hash: md5
      md5: 44f39ebcc08fdac253d2700bb45c6308
      size: 376
    - path: config/model_config.yaml
      hash: md5
      md5: 558b39b7f6f92ecbb1f7329334179ecd
      size: 473
    - path: data/processed/test.pkl
      hash: md5
      md5: e2d6ec4b99180f1095e9ad9434d12177
      size: 621412848
    - path: data/processed/train.pkl
      hash: md5
      md5: 71f4e0eadcb627eeddcda6f8634640cb
      size: 2236513601
    - path: data/processed/val.pkl
      hash: md5
      md5: 36586422032130f970e29d94eba284b6
      size: 248535176
    - path: src/data/load_data.py
      hash: md5
      md5: b31fdb3530ea056b2880502693d76fe1
      size: 2028
    - path: src/data/preprocessing.py
      hash: md5
      md5: 0238e8f3b4c56cc3507a124e8df49452
      size: 3414
    - path: src/models/train.py
      hash: md5
      md5: 7c3500f23ce3f961af6d868f20b52ce3
      size: 7860
    outs:
    - path: models/efficientnet.h5
      hash: md5
      md5: 46b9363541b26ec12a5fd0172b3336df
      size: 32079848
    - path: models/resnet50.h5
      hash: md5
      md5: f390041d3e7dba0e36c3fe8255a2f3f4
      size: 143385336
  evaluate:
    cmd: python -m src.models.evaluate
    deps:
    - path: config/data_config.yaml
      hash: md5
      md5: 44f39ebcc08fdac253d2700bb45c6308
      size: 376
    - path: config/model_config.yaml
      hash: md5
      md5: 558b39b7f6f92ecbb1f7329334179ecd
      size: 473
    - path: data/processed/test.pkl
      hash: md5
      md5: e2d6ec4b99180f1095e9ad9434d12177
      size: 621412848
    - path: models/efficientnet.h5
      hash: md5
      md5: 46b9363541b26ec12a5fd0172b3336df
      size: 32079848
    - path: models/resnet50.h5
      hash: md5
      md5: f390041d3e7dba0e36c3fe8255a2f3f4
      size: 143385336
    - path: src/models/evaluate.py
      hash: md5
      md5: 53cce7afb6cbb799b647e40fbdf46a56
      size: 2497
    - path: src/models/train.py
      hash: md5
      md5: 7c3500f23ce3f961af6d868f20b52ce3
      size: 7860
    outs:
    - path: reports/metrics.json
      hash: md5
      md5: f07456f247458a2689610c7c41c523a1
      size: 146
